
Microsoft Visual Studio Solution File, Format Version 12.00
# 
Project("{FAE04EC0-301F-11D3-BF4B-00C04F79EFBC}") = "Solvix.Contracts", "Solvix.Contracts\Solvix.Contracts.csproj", "{E52E03E7-621F-40B8-AD60-F292040AE79E}"
EndProject
Project("{FAE04EC0-301F-11D3-BF4B-00C04F79EFBC}") = "Solvix.Solver", "Solvix.Solver\Solvix.Solver.csproj", "{296A17A3-2A79-4D73-9660-CDD12D93A5D7}"
EndProject
Project("{FAE04EC0-301F-11D3-BF4B-00C04F79EFBC}") = "Solvix.MeshBuilder", "Solvix.MeshBuilder\Solvix.MeshBuilder.csproj", "{82538ED9-E835-48AB-A6A0-A0232B9382CA}"
EndProject
Project("{FAE04EC0-301F-11D3-BF4B-00C04F79EFBC}") = "Solvix.Bridge", "Solvix.Bridge\Solvix.Bridge.csproj", "{D11C95EA-384E-4F55-9EB8-FDF6BC57EDE8}"
EndProject
Project("{FAE04EC0-301F-11D3-BF4B-00C04F79EFBC}") = "Solvix.Api", "Solvix.Api\Solvix.Api.csproj", "{72CD7693-4B38-44AE-8E67-929B6806DD3A}"
EndProject
Project("{FAE04EC0-301F-11D3-BF4B-00C04F79EFBC}") = "Solvix.Solver.Tests", "Solvix.Solver.Tests\Solvix.Solver.Tests.csproj", "{9CAAE28D-317F-44E4-8168-91D5CBF209C5}"
EndProject
Project("{FAE04EC0-301F-11D3-BF4B-00C04F79EFBC}") = "Solvix.MeshBuilder.Tests", "Solvix.MeshBuilder.Tests\Solvix.MeshBuilder.Tests.csproj", "{CF49744E-0E2C-4304-A648-527FC883646B}"
EndProject
Project("{FAE04EC0-301F-11D3-BF4B-00C04F79EFBC}") = "Solvix.Data", "Solvix.Data\Solvix.Data.csproj", "{50184ECC-CADA-4D5A-BF5A-196016B06111}"
EndProject
Project("{FAE04EC0-301F-11D3-BF4B-00C04F79EFBC}") = "Solvix.Voxelization", "Solvix.Voxelization\Solvix.Voxelization.csproj", "{27F7F453-AB42-451A-8672-79A2504C37BF}"
EndProject
Project("{FAE04EC0-301F-11D3-BF4B-00C04F79EFBC}") = "Solvix.Voxelization.Tests", "Solvix.Voxelization.Tests\Solvix.Voxelization.Tests.csproj", "{C6D03550-2123-4F9F-9ED6-46EBC58ED9B3}"
EndProject
Global
	GlobalSection(SolutionConfigurationPlatforms) = preSolution
		Debug|Any CPU = Debug|Any CPU
		Release|Any CPU = Release|Any CPU
	EndGlobalSection
	GlobalSection(ProjectConfigurationPlatforms) = postSolution
		{E52E03E7-621F-40B8-AD60-F292040AE79E}.Debug|Any CPU.ActiveCfg = Debug|Any CPU
		{E52E03E7-621F-40B8-AD60-F292040AE79E}.Debug|Any CPU.Build.0 = Debug|Any CPU
		{E52E03E7-621F-40B8-AD60-F292040AE79E}.Release|Any CPU.ActiveCfg = Release|Any CPU
		{E52E03E7-621F-40B8-AD60-F292040AE79E}.Release|Any CPU.Build.0 = Release|Any CPU
		{296A17A3-2A79-4D73-9660-CDD12D93A5D7}.Debug|Any CPU.ActiveCfg = Debug|Any CPU
		{296A17A3-2A79-4D73-9660-CDD12D93A5D7}.Debug|Any CPU.Build.0 = Debug|Any CPU
		{296A17A3-2A79-4D73-9660-CDD12D93A5D7}.Release|Any CPU.ActiveCfg = Release|Any CPU
		{296A17A3-2A79-4D73-9660-CDD12D93A5D7}.Release|Any CPU.Build.0 = Release|Any CPU
		{82538ED9-E835-48AB-A6A0-A0232B9382CA}.Debug|Any CPU.ActiveCfg = Debug|Any CPU
		{82538ED9-E835-48AB-A6A0-A0232B9382CA}.Debug|Any CPU.Build.0 = Debug|Any CPU
		{82538ED9-E835-48AB-A6A0-A0232B9382CA}.Release|Any CPU.ActiveCfg = Release|Any CPU
		{82538ED9-E835-48AB-A6A0-A0232B9382CA}.Release|Any CPU.Build.0 = Release|Any CPU
		{D11C95EA-384E-4F55-9EB8-FDF6BC57EDE8}.Debug|Any CPU.ActiveCfg = Debug|Any CPU
		{D11C95EA-384E-4F55-9EB8-FDF6BC57EDE8}.Debug|Any CPU.Build.0 = Debug|Any CPU
		{D11C95EA-384E-4F55-9EB8-FDF6BC57EDE8}.Release|Any CPU.ActiveCfg = Release|Any CPU
		{D11C95EA-384E-4F55-9EB8-FDF6BC57EDE8}.Release|Any CPU.Build.0 = Release|Any CPU
		{72CD7693-4B38-44AE-8E67-929B6806DD3A}.Debug|Any CPU.ActiveCfg = Debug|Any CPU
		{72CD7693-4B38-44AE-8E67-929B6806DD3A}.Debug|Any CPU.Build.0 = Debug|Any CPU
		{72CD7693-4B38-44AE-8E67-929B6806DD3A}.Release|Any CPU.ActiveCfg = Release|Any CPU
		{72CD7693-4B38-44AE-8E67-929B6806DD3A}.Release|Any CPU.Build.0 = Release|Any CPU
		{9CAAE28D-317F-44E4-8168-91D5CBF209C5}.Debug|Any CPU.ActiveCfg = Debug|Any CPU
		{9CAAE28D-317F-44E4-8168-91D5CBF209C5}.Debug|Any CPU.Build.0 = Debug|Any CPU
		{9CAAE28D-317F-44E4-8168-91D5CBF209C5}.Release|Any CPU.ActiveCfg = Release|Any CPU
		{9CAAE28D-317F-44E4-8168-91D5CBF209C5}.Release|Any CPU.Build.0 = Release|Any CPU
		{CF49744E-0E2C-4304-A648-527FC883646B}.Debug|Any CPU.ActiveCfg = Debug|Any CPU
		{CF49744E-0E2C-4304-A648-527FC883646B}.Debug|Any CPU.Build.0 = Debug|Any CPU
		{CF49744E-0E2C-4304-A648-527FC883646B}.Release|Any CPU.ActiveCfg = Release|Any CPU
		{CF49744E-0E2C-4304-A648-527FC883646B}.Release|Any CPU.Build.0 = Release|Any CPU
		{50184ECC-CADA-4D5A-BF5A-196016B06111}.Debug|Any CPU.ActiveCfg = Debug|Any CPU
		{50184ECC-CADA-4D5A-BF5A-196016B06111}.Debug|Any CPU.Build.0 = Debug|Any CPU
		{50184ECC-CADA-4D5A-BF5A-196016B06111}.Release|Any CPU.ActiveCfg = Release|Any CPU
		{50184ECC-CADA-4D5A-BF5A-196016B06111}.Release|Any CPU.Build.0 = Release|Any CPU
		{27F7F453-AB42-451A-8672-79A2504C37BF}.Debug|Any CPU.ActiveCfg = Debug|Any CPU
		{27F7F453-AB42-451A-8672-79A2504C37BF}.Debug|Any CPU.Build.0 = Debug|Any CPU
		{27F7F453-AB42-451A-8672-79A2504C37BF}.Release|Any CPU.ActiveCfg = Release|Any CPU
		{27F7F453-AB42-451A-8672-79A2504C37BF}.Release|Any CPU.Build.0 = Release|Any CPU
		{C6D03550-2123-4F9F-9ED6-46EBC58ED9B3}.Debug|Any CPU.ActiveCfg = Debug|Any CPU
		{C6D03550-2123-4F9F-9ED6-46EBC58ED9B3}.Debug|Any CPU.Build.0 = Debug|Any CPU
		{C6D03550-2123-4F9F-9ED6-46EBC58ED9B3}.Release|Any CPU.ActiveCfg = Release|Any CPU
		{C6D03550-2123-4F9F-9ED6-46EBC58ED9B3}.Release|Any CPU.Build.0 = Release|Any CPU
	EndGlobalSection
EndGlobal
